// !$*UTF8*$!
{
	archiveVersion = 1;
	classes = {
	};
	objectVersion = 77;
	objects = {

/* Begin PBXContainerItemProxy section */
		4C0BB9832CC9B65100670DB3 /* PBXContainerItemProxy */ = {
			isa = PBXContainerItemProxy;
			containerPortal = 4C0BB96A2CC9B65000670DB3 /* Project object */;
			proxyType = 1;
			remoteGlobalIDString = 4C0BB9712CC9B65000670DB3;
			remoteInfo = "Guess the Doodle";
		};
		4C0BB98D2CC9B65100670DB3 /* PBXContainerItemProxy */ = {
			isa = PBXContainerItemProxy;
			containerPortal = 4C0BB96A2CC9B65000670DB3 /* Project object */;
			proxyType = 1;
			remoteGlobalIDString = 4C0BB9712CC9B65000670DB3;
			remoteInfo = "Guess the Doodle";
		};
/* End PBXContainerItemProxy section */

/* Begin PBXFileReference section */
		4C0BB9722CC9B65000670DB3 /* Guess the Doodle.app */ = {isa = PBXFileReference; explicitFileType = wrapper.application; includeInIndex = 0; path = "Guess the Doodle.app"; sourceTree = BUILT_PRODUCTS_DIR; };
		4C0BB9822CC9B65100670DB3 /* Guess the DoodleTests.xctest */ = {isa = PBXFileReference; explicitFileType = wrapper.cfbundle; includeInIndex = 0; path = "Guess the DoodleTests.xctest"; sourceTree = BUILT_PRODUCTS_DIR; };
		4C0BB98C2CC9B65100670DB3 /* Guess the DoodleUITests.xctest */ = {isa = PBXFileReference; explicitFileType = wrapper.cfbundle; includeInIndex = 0; path = "Guess the DoodleUITests.xctest"; sourceTree = BUILT_PRODUCTS_DIR; };
/* End PBXFileReference section */

/* Begin PBXFileSystemSynchronizedRootGroup section */
		4C0BB9742CC9B65000670DB3 /* Guess the Doodle */ = {
			isa = PBXFileSystemSynchronizedRootGroup;
			path = "Guess the Doodle";
			sourceTree = "<group>";
		};
		4C0BB9852CC9B65100670DB3 /* Guess the DoodleTests */ = {
			isa = PBXFileSystemSynchronizedRootGroup;
			path = "Guess the DoodleTests";
			sourceTree = "<group>";
		};
		4C0BB98F2CC9B65100670DB3 /* Guess the DoodleUITests */ = {
			isa = PBXFileSystemSynchronizedRootGroup;
			path = "Guess the DoodleUITests";
			sourceTree = "<group>";
		};
/* End PBXFileSystemSynchronizedRootGroup section */

/* Begin PBXFrameworksBuildPhase section */
		4C0BB96F2CC9B65000670DB3 /* Frameworks */ = {
			isa = PBXFrameworksBuildPhase;
			buildActionMask = 2147483647;
			files = (
			);
			runOnlyForDeploymentPostprocessing = 0;
		};
		4C0BB97F2CC9B65100670DB3 /* Frameworks */ = {
			isa = PBXFrameworksBuildPhase;
			buildActionMask = 2147483647;
			files = (
			);
			runOnlyForDeploymentPostprocessing = 0;
		};
		4C0BB9892CC9B65100670DB3 /* Frameworks */ = {
			isa = PBXFrameworksBuildPhase;
			buildActionMask = 2147483647;
			files = (
			);
			runOnlyForDeploymentPostprocessing = 0;
		};
/* End PBXFrameworksBuildPhase section */

/* Begin PBXGroup section */
		4C0BB9692CC9B65000670DB3 = {
			isa = PBXGroup;
			children = (
				4C0BB9742CC9B65000670DB3 /* Guess the Doodle */,
				4C0BB9852CC9B65100670DB3 /* Guess the DoodleTests */,
				4C0BB98F2CC9B65100670DB3 /* Guess the DoodleUITests */,
				4C0BB9732CC9B65000670DB3 /* Products */,
			);
			sourceTree = "<group>";
		};
		4C0BB9732CC9B65000670DB3 /* Products */ = {
			isa = PBXGroup;
			children = (
				4C0BB9722CC9B65000670DB3 /* Guess the Doodle.app */,
				4C0BB9822CC9B65100670DB3 /* Guess the DoodleTests.xctest */,
				4C0BB98C2CC9B65100670DB3 /* Guess the DoodleUITests.xctest */,
			);
			name = Products;
			sourceTree = "<group>";
		};
/* End PBXGroup section */

/* Begin PBXNativeTarget section */
		4C0BB9712CC9B65000670DB3 /* Guess the Doodle */ = {
			isa = PBXNativeTarget;
			buildConfigurationList = 4C0BB9962CC9B65100670DB3 /* Build configuration list for PBXNativeTarget "Guess the Doodle" */;
			buildPhases = (
				4C0BB96E2CC9B65000670DB3 /* Sources */,
				4C0BB96F2CC9B65000670DB3 /* Frameworks */,
				4C0BB9702CC9B65000670DB3 /* Resources */,
			);
			buildRules = (
			);
			dependencies = (
			);
			fileSystemSynchronizedGroups = (
				4C0BB9742CC9B65000670DB3 /* Guess the Doodle */,
			);
			name = "Guess the Doodle";
			packageProductDependencies = (
			);
			productName = "Guess the Doodle";
			productReference = 4C0BB9722CC9B65000670DB3 /* Guess the Doodle.app */;
			productType = "com.apple.product-type.application";
		};
		4C0BB9812CC9B65100670DB3 /* Guess the DoodleTests */ = {
			isa = PBXNativeTarget;
			buildConfigurationList = 4C0BB9992CC9B65100670DB3 /* Build configuration list for PBXNativeTarget "Guess the DoodleTests" */;
			buildPhases = (
				4C0BB97E2CC9B65100670DB3 /* Sources */,
				4C0BB97F2CC9B65100670DB3 /* Frameworks */,
				4C0BB9802CC9B65100670DB3 /* Resources */,
			);
			buildRules = (
			);
			dependencies = (
				4C0BB9842CC9B65100670DB3 /* PBXTargetDependency */,
			);
			fileSystemSynchronizedGroups = (
				4C0BB9852CC9B65100670DB3 /* Guess the DoodleTests */,
			);
			name = "Guess the DoodleTests";
			packageProductDependencies = (
			);
			productName = "Guess the DoodleTests";
			productReference = 4C0BB9822CC9B65100670DB3 /* Guess the DoodleTests.xctest */;
			productType = "com.apple.product-type.bundle.unit-test";
		};
		4C0BB98B2CC9B65100670DB3 /* Guess the DoodleUITests */ = {
			isa = PBXNativeTarget;
			buildConfigurationList = 4C0BB99C2CC9B65100670DB3 /* Build configuration list for PBXNativeTarget "Guess the DoodleUITests" */;
			buildPhases = (
				4C0BB9882CC9B65100670DB3 /* Sources */,
				4C0BB9892CC9B65100670DB3 /* Frameworks */,
				4C0BB98A2CC9B65100670DB3 /* Resources */,
			);
			buildRules = (
			);
			dependencies = (
				4C0BB98E2CC9B65100670DB3 /* PBXTargetDependency */,
			);
			fileSystemSynchronizedGroups = (
				4C0BB98F2CC9B65100670DB3 /* Guess the DoodleUITests */,
			);
			name = "Guess the DoodleUITests";
			packageProductDependencies = (
			);
			productName = "Guess the DoodleUITests";
			productReference = 4C0BB98C2CC9B65100670DB3 /* Guess the DoodleUITests.xctest */;
			productType = "com.apple.product-type.bundle.ui-testing";
		};
/* End PBXNativeTarget section */

/* Begin PBXProject section */
		4C0BB96A2CC9B65000670DB3 /* Project object */ = {
			isa = PBXProject;
			attributes = {
				BuildIndependentTargetsInParallel = 1;
				LastSwiftUpdateCheck = 1600;
				LastUpgradeCheck = 1600;
				TargetAttributes = {
					4C0BB9712CC9B65000670DB3 = {
						CreatedOnToolsVersion = 16.0;
					};
					4C0BB9812CC9B65100670DB3 = {
						CreatedOnToolsVersion = 16.0;
						TestTargetID = 4C0BB9712CC9B65000670DB3;
					};
					4C0BB98B2CC9B65100670DB3 = {
						CreatedOnToolsVersion = 16.0;
						TestTargetID = 4C0BB9712CC9B65000670DB3;
					};
				};
			};
			buildConfigurationList = 4C0BB96D2CC9B65000670DB3 /* Build configuration list for PBXProject "Guess the Doodle" */;
			developmentRegion = en;
			hasScannedForEncodings = 0;
			knownRegions = (
				en,
				Base,
			);
			mainGroup = 4C0BB9692CC9B65000670DB3;
			minimizedProjectReferenceProxies = 1;
			preferredProjectObjectVersion = 77;
			productRefGroup = 4C0BB9732CC9B65000670DB3 /* Products */;
			projectDirPath = "";
			projectRoot = "";
			targets = (
				4C0BB9712CC9B65000670DB3 /* Guess the Doodle */,
				4C0BB9812CC9B65100670DB3 /* Guess the DoodleTests */,
				4C0BB98B2CC9B65100670DB3 /* Guess the DoodleUITests */,
			);
		};
/* End PBXProject section */

/* Begin PBXResourcesBuildPhase section */
		4C0BB9702CC9B65000670DB3 /* Resources */ = {
			isa = PBXResourcesBuildPhase;
			buildActionMask = 2147483647;
			files = (
			);
			runOnlyForDeploymentPostprocessing = 0;
		};
		4C0BB9802CC9B65100670DB3 /* Resources */ = {
			isa = PBXResourcesBuildPhase;
			buildActionMask = 2147483647;
			files = (
			);
			runOnlyForDeploymentPostprocessing = 0;
		};
		4C0BB98A2CC9B65100670DB3 /* Resources */ = {
			isa = PBXResourcesBuildPhase;
			buildActionMask = 2147483647;
			files = (
			);
			runOnlyForDeploymentPostprocessing = 0;
		};
/* End PBXResourcesBuildPhase section */

/* Begin PBXSourcesBuildPhase section */
		4C0BB96E2CC9B65000670DB3 /* Sources */ = {
			isa = PBXSourcesBuildPhase;
			buildActionMask = 2147483647;
			files = (
			);
			runOnlyForDeploymentPostprocessing = 0;
		};
		4C0BB97E2CC9B65100670DB3 /* Sources */ = {
			isa = PBXSourcesBuildPhase;
			buildActionMask = 2147483647;
			files = (
			);
			runOnlyForDeploymentPostprocessing = 0;
		};
		4C0BB9882CC9B65100670DB3 /* Sources */ = {
			isa = PBXSourcesBuildPhase;
			buildActionMask = 2147483647;
			files = (
			);
			runOnlyForDeploymentPostprocessing = 0;
		};
/* End PBXSourcesBuildPhase section */

/* Begin PBXTargetDependency section */
		4C0BB9842CC9B65100670DB3 /* PBXTargetDependency */ = {
			isa = PBXTargetDependency;
			target = 4C0BB9712CC9B65000670DB3 /* Guess the Doodle */;
			targetProxy = 4C0BB9832CC9B65100670DB3 /* PBXContainerItemProxy */;
		};
		4C0BB98E2CC9B65100670DB3 /* PBXTargetDependency */ = {
			isa = PBXTargetDependency;
			target = 4C0BB9712CC9B65000670DB3 /* Guess the Doodle */;
			targetProxy = 4C0BB98D2CC9B65100670DB3 /* PBXContainerItemProxy */;
		};
/* End PBXTargetDependency section */

/* Begin XCBuildConfiguration section */
		4C0BB9942CC9B65100670DB3 /* Debug */ = {
			isa = XCBuildConfiguration;
			buildSettings = {
				ALWAYS_SEARCH_USER_PATHS = NO;
				ASSETCATALOG_COMPILER_GENERATE_SWIFT_ASSET_SYMBOL_EXTENSIONS = YES;
				CLANG_ANALYZER_NONNULL = YES;
				CLANG_ANALYZER_NUMBER_OBJECT_CONVERSION = YES_AGGRESSIVE;
				CLANG_CXX_LANGUAGE_STANDARD = "gnu++20";
				CLANG_ENABLE_MODULES = YES;
				CLANG_ENABLE_OBJC_ARC = YES;
				CLANG_ENABLE_OBJC_WEAK = YES;
				CLANG_WARN_BLOCK_CAPTURE_AUTORELEASING = YES;
				CLANG_WARN_BOOL_CONVERSION = YES;
				CLANG_WARN_COMMA = YES;
				CLANG_WARN_CONSTANT_CONVERSION = YES;
				CLANG_WARN_DEPRECATED_OBJC_IMPLEMENTATIONS = YES;
				CLANG_WARN_DIRECT_OBJC_ISA_USAGE = YES_ERROR;
				CLANG_WARN_DOCUMENTATION_COMMENTS = YES;
				CLANG_WARN_EMPTY_BODY = YES;
				CLANG_WARN_ENUM_CONVERSION = YES;
				CLANG_WARN_INFINITE_RECURSION = YES;
				CLANG_WARN_INT_CONVERSION = YES;
				CLANG_WARN_NON_LITERAL_NULL_CONVERSION = YES;
				CLANG_WARN_OBJC_IMPLICIT_RETAIN_SELF = YES;
				CLANG_WARN_OBJC_LITERAL_CONVERSION = YES;
				CLANG_WARN_OBJC_ROOT_CLASS = YES_ERROR;
				CLANG_WARN_QUOTED_INCLUDE_IN_FRAMEWORK_HEADER = YES;
				CLANG_WARN_RANGE_LOOP_ANALYSIS = YES;
				CLANG_WARN_STRICT_PROTOTYPES = YES;
				CLANG_WARN_SUSPICIOUS_MOVE = YES;
				CLANG_WARN_UNGUARDED_AVAILABILITY = YES_AGGRESSIVE;
				CLANG_WARN_UNREACHABLE_CODE = YES;
				CLANG_WARN__DUPLICATE_METHOD_MATCH = YES;
				COPY_PHASE_STRIP = NO;
				DEBUG_INFORMATION_FORMAT = dwarf;
				ENABLE_STRICT_OBJC_MSGSEND = YES;
				ENABLE_TESTABILITY = YES;
				ENABLE_USER_SCRIPT_SANDBOXING = YES;
				GCC_C_LANGUAGE_STANDARD = gnu17;
				GCC_DYNAMIC_NO_PIC = NO;
				GCC_NO_COMMON_BLOCKS = YES;
				GCC_OPTIMIZATION_LEVEL = 0;
				GCC_PREPROCESSOR_DEFINITIONS = (
					"DEBUG=1",
					"$(inherited)",
				);
				GCC_WARN_64_TO_32_BIT_CONVERSION = YES;
				GCC_WARN_ABOUT_RETURN_TYPE = YES_ERROR;
				GCC_WARN_UNDECLARED_SELECTOR = YES;
				GCC_WARN_UNINITIALIZED_AUTOS = YES_AGGRESSIVE;
				GCC_WARN_UNUSED_FUNCTION = YES;
				GCC_WARN_UNUSED_VARIABLE = YES;
				IPHONEOS_DEPLOYMENT_TARGET = 18.0;
				LOCALIZATION_PREFERS_STRING_CATALOGS = YES;
				MTL_ENABLE_DEBUG_INFO = INCLUDE_SOURCE;
				MTL_FAST_MATH = YES;
				ONLY_ACTIVE_ARCH = YES;
				SDKROOT = iphoneos;
				SWIFT_ACTIVE_COMPILATION_CONDITIONS = "DEBUG $(inherited)";
				SWIFT_OPTIMIZATION_LEVEL = "-Onone";
			};
			name = Debug;
		};
		4C0BB9952CC9B65100670DB3 /* Release */ = {
			isa = XCBuildConfiguration;
			buildSettings = {
				ALWAYS_SEARCH_USER_PATHS = NO;
				ASSETCATALOG_COMPILER_GENERATE_SWIFT_ASSET_SYMBOL_EXTENSIONS = YES;
				CLANG_ANALYZER_NONNULL = YES;
				CLANG_ANALYZER_NUMBER_OBJECT_CONVERSION = YES_AGGRESSIVE;
				CLANG_CXX_LANGUAGE_STANDARD = "gnu++20";
				CLANG_ENABLE_MODULES = YES;
				CLANG_ENABLE_OBJC_ARC = YES;
				CLANG_ENABLE_OBJC_WEAK = YES;
				CLANG_WARN_BLOCK_CAPTURE_AUTORELEASING = YES;
				CLANG_WARN_BOOL_CONVERSION = YES;
				CLANG_WARN_COMMA = YES;
				CLANG_WARN_CONSTANT_CONVERSION = YES;
				CLANG_WARN_DEPRECATED_OBJC_IMPLEMENTATIONS = YES;
				CLANG_WARN_DIRECT_OBJC_ISA_USAGE = YES_ERROR;
				CLANG_WARN_DOCUMENTATION_COMMENTS = YES;
				CLANG_WARN_EMPTY_BODY = YES;
				CLANG_WARN_ENUM_CONVERSION = YES;
				CLANG_WARN_INFINITE_RECURSION = YES;
				CLANG_WARN_INT_CONVERSION = YES;
				CLANG_WARN_NON_LITERAL_NULL_CONVERSION = YES;
				CLANG_WARN_OBJC_IMPLICIT_RETAIN_SELF = YES;
				CLANG_WARN_OBJC_LITERAL_CONVERSION = YES;
				CLANG_WARN_OBJC_ROOT_CLASS = YES_ERROR;
				CLANG_WARN_QUOTED_INCLUDE_IN_FRAMEWORK_HEADER = YES;
				CLANG_WARN_RANGE_LOOP_ANALYSIS = YES;
				CLANG_WARN_STRICT_PROTOTYPES = YES;
				CLANG_WARN_SUSPICIOUS_MOVE = YES;
				CLANG_WARN_UNGUARDED_AVAILABILITY = YES_AGGRESSIVE;
				CLANG_WARN_UNREACHABLE_CODE = YES;
				CLANG_WARN__DUPLICATE_METHOD_MATCH = YES;
				COPY_PHASE_STRIP = NO;
				DEBUG_INFORMATION_FORMAT = "dwarf-with-dsym";
				ENABLE_NS_ASSERTIONS = NO;
				ENABLE_STRICT_OBJC_MSGSEND = YES;
				ENABLE_USER_SCRIPT_SANDBOXING = YES;
				GCC_C_LANGUAGE_STANDARD = gnu17;
				GCC_NO_COMMON_BLOCKS = YES;
				GCC_WARN_64_TO_32_BIT_CONVERSION = YES;
				GCC_WARN_ABOUT_RETURN_TYPE = YES_ERROR;
				GCC_WARN_UNDECLARED_SELECTOR = YES;
				GCC_WARN_UNINITIALIZED_AUTOS = YES_AGGRESSIVE;
				GCC_WARN_UNUSED_FUNCTION = YES;
				GCC_WARN_UNUSED_VARIABLE = YES;
				IPHONEOS_DEPLOYMENT_TARGET = 18.0;
				LOCALIZATION_PREFERS_STRING_CATALOGS = YES;
				MTL_ENABLE_DEBUG_INFO = NO;
				MTL_FAST_MATH = YES;
				SDKROOT = iphoneos;
				SWIFT_COMPILATION_MODE = wholemodule;
				VALIDATE_PRODUCT = YES;
			};
			name = Release;
		};
		4C0BB9972CC9B65100670DB3 /* Debug */ = {
			isa = XCBuildConfiguration;
			buildSettings = {
				ASSETCATALOG_COMPILER_APPICON_NAME = AppIcon;
				ASSETCATALOG_COMPILER_GLOBAL_ACCENT_COLOR_NAME = AccentColor;
				CODE_SIGN_STYLE = Automatic;
				CURRENT_PROJECT_VERSION = 1;
				DEVELOPMENT_ASSET_PATHS = "\"Guess the Doodle/Preview Content\"";
				ENABLE_PREVIEWS = YES;
				GENERATE_INFOPLIST_FILE = YES;
				INFOPLIST_KEY_UIApplicationSceneManifest_Generation = YES;
				INFOPLIST_KEY_UIApplicationSupportsIndirectInputEvents = YES;
				INFOPLIST_KEY_UILaunchScreen_Generation = YES;
				INFOPLIST_KEY_UISupportedInterfaceOrientations_iPad = "UIInterfaceOrientationPortrait UIInterfaceOrientationPortraitUpsideDown UIInterfaceOrientationLandscapeLeft UIInterfaceOrientationLandscapeRight";
				INFOPLIST_KEY_UISupportedInterfaceOrientations_iPhone = "UIInterfaceOrientationPortrait UIInterfaceOrientationLandscapeLeft UIInterfaceOrientationLandscapeRight";
				LD_RUNPATH_SEARCH_PATHS = (
					"$(inherited)",
					"@executable_path/Frameworks",
				);
				MARKETING_VERSION = 1.0;
				PRODUCT_BUNDLE_IDENTIFIER = "com.madebysashaandkarina.Guess-the-Doodle";
				PRODUCT_NAME = "$(TARGET_NAME)";
				SWIFT_EMIT_LOC_STRINGS = YES;
				SWIFT_VERSION = 5.0;
				TARGETED_DEVICE_FAMILY = "1,2";
			};
			name = Debug;
		};
		4C0BB9982CC9B65100670DB3 /* Release */ = {
			isa = XCBuildConfiguration;
			buildSettings = {
				ASSETCATALOG_COMPILER_APPICON_NAME = AppIcon;
				ASSETCATALOG_COMPILER_GLOBAL_ACCENT_COLOR_NAME = AccentColor;
				CODE_SIGN_STYLE = Automatic;
				CURRENT_PROJECT_VERSION = 1;
				DEVELOPMENT_ASSET_PATHS = "\"Guess the Doodle/Preview Content\"";
				ENABLE_PREVIEWS = YES;
				GENERATE_INFOPLIST_FILE = YES;
				INFOPLIST_KEY_UIApplicationSceneManifest_Generation = YES;
				INFOPLIST_KEY_UIApplicationSupportsIndirectInputEvents = YES;
				INFOPLIST_KEY_UILaunchScreen_Generation = YES;
				INFOPLIST_KEY_UISupportedInterfaceOrientations_iPad = "UIInterfaceOrientationPortrait UIInterfaceOrientationPortraitUpsideDown UIInterfaceOrientationLandscapeLeft UIInterfaceOrientationLandscapeRight";
				INFOPLIST_KEY_UISupportedInterfaceOrientations_iPhone = "UIInterfaceOrientationPortrait UIInterfaceOrientationLandscapeLeft UIInterfaceOrientationLandscapeRight";
				LD_RUNPATH_SEARCH_PATHS = (
					"$(inherited)",
					"@executable_path/Frameworks",
				);
				MARKETING_VERSION = 1.0;
				PRODUCT_BUNDLE_IDENTIFIER = "com.madebysashaandkarina.Guess-the-Doodle";
				PRODUCT_NAME = "$(TARGET_NAME)";
				SWIFT_EMIT_LOC_STRINGS = YES;
				SWIFT_VERSION = 5.0;
				TARGETED_DEVICE_FAMILY = "1,2";
			};
			name = Release;
		};
		4C0BB99A2CC9B65100670DB3 /* Debug */ = {
			isa = XCBuildConfiguration;
			buildSettings = {
				BUNDLE_LOADER = "$(TEST_HOST)";
				CODE_SIGN_STYLE = Automatic;
				CURRENT_PROJECT_VERSION = 1;
				GENERATE_INFOPLIST_FILE = YES;
				IPHONEOS_DEPLOYMENT_TARGET = 18.0;
				MARKETING_VERSION = 1.0;
				PRODUCT_BUNDLE_IDENTIFIER = "com.madebysashaandkarina.Guess-the-DoodleTests";
				PRODUCT_NAME = "$(TARGET_NAME)";
				SWIFT_EMIT_LOC_STRINGS = NO;
				SWIFT_VERSION = 5.0;
				TARGETED_DEVICE_FAMILY = "1,2";
				TEST_HOST = "$(BUILT_PRODUCTS_DIR)/Guess the Doodle.app/$(BUNDLE_EXECUTABLE_FOLDER_PATH)/Guess the Doodle";
			};
			name = Debug;
		};
		4C0BB99B2CC9B65100670DB3 /* Release */ = {
			isa = XCBuildConfiguration;
			buildSettings = {
				BUNDLE_LOADER = "$(TEST_HOST)";
				CODE_SIGN_STYLE = Automatic;
				CURRENT_PROJECT_VERSION = 1;
				GENERATE_INFOPLIST_FILE = YES;
				IPHONEOS_DEPLOYMENT_TARGET = 18.0;
				MARKETING_VERSION = 1.0;
				PRODUCT_BUNDLE_IDENTIFIER = "com.madebysashaandkarina.Guess-the-DoodleTests";
				PRODUCT_NAME = "$(TARGET_NAME)";
				SWIFT_EMIT_LOC_STRINGS = NO;
				SWIFT_VERSION = 5.0;
				TARGETED_DEVICE_FAMILY = "1,2";
				TEST_HOST = "$(BUILT_PRODUCTS_DIR)/Guess the Doodle.app/$(BUNDLE_EXECUTABLE_FOLDER_PATH)/Guess the Doodle";
			};
			name = Release;
		};
		4C0BB99D2CC9B65100670DB3 /* Debug */ = {
			isa = XCBuildConfiguration;
			buildSettings = {
				CODE_SIGN_STYLE = Automatic;
				CURRENT_PROJECT_VERSION = 1;
				GENERATE_INFOPLIST_FILE = YES;
				MARKETING_VERSION = 1.0;
				PRODUCT_BUNDLE_IDENTIFIER = "com.madebysashaandkarina.Guess-the-DoodleUITests";
				PRODUCT_NAME = "$(TARGET_NAME)";
				SWIFT_EMIT_LOC_STRINGS = NO;
				SWIFT_VERSION = 5.0;
				TARGETED_DEVICE_FAMILY = "1,2";
				TEST_TARGET_NAME = "Guess the Doodle";
			};
			name = Debug;
		};
		4C0BB99E2CC9B65100670DB3 /* Release */ = {
			isa = XCBuildConfiguration;
			buildSettings = {
				CODE_SIGN_STYLE = Automatic;
				CURRENT_PROJECT_VERSION = 1;
				GENERATE_INFOPLIST_FILE = YES;
				MARKETING_VERSION = 1.0;
				PRODUCT_BUNDLE_IDENTIFIER = "com.madebysashaandkarina.Guess-the-DoodleUITests";
				PRODUCT_NAME = "$(TARGET_NAME)";
				SWIFT_EMIT_LOC_STRINGS = NO;
				SWIFT_VERSION = 5.0;
				TARGETED_DEVICE_FAMILY = "1,2";
				TEST_TARGET_NAME = "Guess the Doodle";
			};
			name = Release;
		};
/* End XCBuildConfiguration section */

/* Begin XCConfigurationList section */
		4C0BB96D2CC9B65000670DB3 /* Build configuration list for PBXProject "Guess the Doodle" */ = {
			isa = XCConfigurationList;
			buildConfigurations = (
				4C0BB9942CC9B65100670DB3 /* Debug */,
				4C0BB9952CC9B65100670DB3 /* Release */,
			);
			defaultConfigurationIsVisible = 0;
			defaultConfigurationName = Release;
		};
		4C0BB9962CC9B65100670DB3 /* Build configuration list for PBXNativeTarget "Guess the Doodle" */ = {
			isa = XCConfigurationList;
			buildConfigurations = (
				4C0BB9972CC9B65100670DB3 /* Debug */,
				4C0BB9982CC9B65100670DB3 /* Release */,
			);
			defaultConfigurationIsVisible = 0;
			defaultConfigurationName = Release;
		};
		4C0BB9992CC9B65100670DB3 /* Build configuration list for PBXNativeTarget "Guess the DoodleTests" */ = {
			isa = XCConfigurationList;
			buildConfigurations = (
				4C0BB99A2CC9B65100670DB3 /* Debug */,
				4C0BB99B2CC9B65100670DB3 /* Release */,
			);
			defaultConfigurationIsVisible = 0;
			defaultConfigurationName = Release;
		};
		4C0BB99C2CC9B65100670DB3 /* Build configuration list for PBXNativeTarget "Guess the DoodleUITests" */ = {
			isa = XCConfigurationList;
			buildConfigurations = (
				4C0BB99D2CC9B65100670DB3 /* Debug */,
				4C0BB99E2CC9B65100670DB3 /* Release */,
			);
			defaultConfigurationIsVisible = 0;
			defaultConfigurationName = Release;
		};
/* End XCConfigurationList section */
	};
	rootObject = 4C0BB96A2CC9B65000670DB3 /* Project object */;
}
